
Microsoft Visual Studio Solution File, Format Version 12.00
# Visual Studio Version 16
VisualStudioVersion = 16.0.31911.196
MinimumVisualStudioVersion = 10.0.40219.1
Project("{FAE04EC0-301F-11D3-BF4B-00C04F79EFBC}") = "Lab04 - WpfApp", "Lab04 - WpfApp.csproj", "{3355F3FE-720C-4CC4-BBDE-9003BA01DC5C}"
EndProject
Global
	GlobalSection(SolutionConfigurationPlatforms) = preSolution
		Debug|Any CPU = Debug|Any CPU
		Release|Any CPU = Release|Any CPU
	EndGlobalSection
	GlobalSection(ProjectConfigurationPlatforms) = postSolution
		{3355F3FE-720C-4CC4-BBDE-9003BA01DC5C}.Debug|Any CPU.ActiveCfg = Debug|Any CPU
		{3355F3FE-720C-4CC4-BBDE-9003BA01DC5C}.Debug|Any CPU.Build.0 = Debug|Any CPU
		{3355F3FE-720C-4CC4-BBDE-9003BA01DC5C}.Release|Any CPU.ActiveCfg = Release|Any CPU
		{3355F3FE-720C-4CC4-BBDE-9003BA01DC5C}.Release|Any CPU.Build.0 = Release|Any CPU
	EndGlobalSection
	GlobalSection(SolutionProperties) = preSolution
		HideSolutionNode = FALSE
	EndGlobalSection
	GlobalSection(ExtensibilityGlobals) = postSolution
		SolutionGuid = {E9ED8BBE-067D-4179-B3F8-7F355D15A184}
	EndGlobalSection
EndGlobal
